{
  "name": "ast-sanity",
  "version": "0.0.1",
  "lockfileVersion": 1,
  "requires": true,
  "dependencies": {
    "@types/graphql": {
      "version": "14.0.5",
      "resolved": "https://registry.npmjs.org/@types/graphql/-/graphql-14.0.5.tgz",
      "integrity": "sha512-bwGYLE0SRy5ZraC91dqI2bxbspfm10kyJ2Yjuvk4OjdGznh7fkoWW+xXZHfFydJaqu9syZi099cpiZw3GlPDiA==",
      "dev": true
    },
    "typescript": {
      "version": "3.2.4",
      "resolved": "https://registry.npmjs.org/typescript/-/typescript-3.2.4.tgz",
      "integrity": "sha512-0RNDbSdEokBeEAkgNbxJ+BLwSManFy9TeXz8uW+48j/xhEXv1ePME60olyzw2XzUqUBNAYFeJadIqAgNqIACwg==",
      "dev": true
    }
  }
}
